
Microsoft Visual Studio Solution File, Format Version 12.00
# Visual Studio 2017
Project("{FAE04EC0-301F-11D3-BF4B-00C04F79EFBC}") = "SuperPvP.Unity", "SuperPvP.Unity.csproj", "{AAE21F9E-C0DA-6090-EB7D-1F736BF89545}"
EndProject
Project("{9A19103F-16F7-4668-BE54-9A1E7A4F7556}") = "SuperPvP.Core", "..\SuperPvP.Core\SuperPvP.Core.csproj", "{B813F0BE-820A-4AF0-B96A-C449580E8B30}"
EndProject
Global
	GlobalSection(SolutionConfigurationPlatforms) = preSolution
		Debug|Any CPU = Debug|Any CPU
		Release|Any CPU = Release|Any CPU
	EndGlobalSection
	GlobalSection(ProjectConfigurationPlatforms) = postSolution
		{AAE21F9E-C0DA-6090-EB7D-1F736BF89545}.Debug|Any CPU.ActiveCfg = Debug|Any CPU
		{AAE21F9E-C0DA-6090-EB7D-1F736BF89545}.Debug|Any CPU.Build.0 = Debug|Any CPU
		{AAE21F9E-C0DA-6090-EB7D-1F736BF89545}.Release|Any CPU.ActiveCfg = Release|Any CPU
		{AAE21F9E-C0DA-6090-EB7D-1F736BF89545}.Release|Any CPU.Build.0 = Release|Any CPU
		{B813F0BE-820A-4AF0-B96A-C449580E8B30}.Debug|Any CPU.ActiveCfg = Debug|Any CPU
		{B813F0BE-820A-4AF0-B96A-C449580E8B30}.Debug|Any CPU.Build.0 = Debug|Any CPU
		{B813F0BE-820A-4AF0-B96A-C449580E8B30}.Release|Any CPU.ActiveCfg = Release|Any CPU
		{B813F0BE-820A-4AF0-B96A-C449580E8B30}.Release|Any CPU.Build.0 = Release|Any CPU
	EndGlobalSection
	GlobalSection(SolutionProperties) = preSolution
		HideSolutionNode = FALSE
	EndGlobalSection
EndGlobal
